
Microsoft Visual Studio Solution File, Format Version 12.00
# Visual Studio Version 16
VisualStudioVersion = 25.0.1705.4
MinimumVisualStudioVersion = 10.0.40219.1
Project("{FAE04EC0-301F-11D3-BF4B-00C04F79EFBC}") = "ToDo--List", "ToDo--List\ToDo--List.csproj", "{74CE5373-D44B-43DD-984D-CAC95913C443}"
EndProject
Global
	GlobalSection(SolutionConfigurationPlatforms) = preSolution
		Debug|Any CPU = Debug|Any CPU
		Release|Any CPU = Release|Any CPU
	EndGlobalSection
	GlobalSection(ProjectConfigurationPlatforms) = postSolution
		{74CE5373-D44B-43DD-984D-CAC95913C443}.Debug|Any CPU.ActiveCfg = Debug|Any CPU
		{74CE5373-D44B-43DD-984D-CAC95913C443}.Debug|Any CPU.Build.0 = Debug|Any CPU
		{74CE5373-D44B-43DD-984D-CAC95913C443}.Release|Any CPU.ActiveCfg = Release|Any CPU
		{74CE5373-D44B-43DD-984D-CAC95913C443}.Release|Any CPU.Build.0 = Release|Any CPU
	EndGlobalSection
	GlobalSection(SolutionProperties) = preSolution
		HideSolutionNode = FALSE
	EndGlobalSection
	GlobalSection(ExtensibilityGlobals) = postSolution
		SolutionGuid = {E4BC2E5F-48F4-42F4-A48D-E719E8A85260}
	EndGlobalSection
EndGlobal
